<Solution>
  <Folder Name="/analyzers/">
    <Project Path="analyzers/LlamaShears.Analyzers/LlamaShears.Analyzers.csproj" />
    <Project Path="analyzers/LlamaShears.Analyzers.CodeFixes/LlamaShears.Analyzers.CodeFixes.csproj" />
    <Project Path="analyzers/LlamaShears.Analyzers.Tests/LlamaShears.Analyzers.Tests.csproj" />
  </Folder>
  <Folder Name="/src/">
    <Project Path="src/LlamaShears.Provider.Onnx.Embeddings/LlamaShears.Provider.Onnx.Embeddings.csproj" />
    <Project Path="src/LlamaShears/LlamaShears.csproj" />
    <Project Path="src/LlamaShears.Api.Web/LlamaShears.Api.Web.csproj" />
    <Project Path="src/LlamaShears.Api/LlamaShears.Api.csproj" />
    <Project Path="src/LlamaShears.Core.Abstractions/LlamaShears.Core.Abstractions.csproj" />
    <Project Path="src/LlamaShears.Core.Abstractions.Agent/LlamaShears.Core.Abstractions.Agent.csproj" />
    <Project Path="src/LlamaShears.Core.Abstractions.Caching/LlamaShears.Core.Abstractions.Caching.csproj" />
    <Project Path="src/LlamaShears.Core.Abstractions.Content/LlamaShears.Core.Abstractions.Content.csproj" />
    <Project Path="src/LlamaShears.Core.Abstractions.Events/LlamaShears.Core.Abstractions.Events.csproj" />
    <Project Path="src/LlamaShears.Core.Abstractions.Memory/LlamaShears.Core.Abstractions.Memory.csproj" />
    <Project Path="src/LlamaShears.Core.Abstractions.Paths/LlamaShears.Core.Abstractions.Paths.csproj" />
    <Project Path="src/LlamaShears.Core.Abstractions.PromptContext/LlamaShears.Core.Abstractions.PromptContext.csproj" />
    <Project Path="src/LlamaShears.Core.Abstractions.Provider/LlamaShears.Core.Abstractions.Provider.csproj" />
    <Project Path="src/LlamaShears.Core.Abstractions.Seeding/LlamaShears.Core.Abstractions.Seeding.csproj" />
    <Project Path="src/LlamaShears.Core.Abstractions.SystemPrompt/LlamaShears.Core.Abstractions.SystemPrompt.csproj" />
    <Project Path="src/LlamaShears.Core.Abstractions.Templating/LlamaShears.Core.Abstractions.Templating.csproj" />
    <Project Path="src/LlamaShears.Core.Abstractions.Tools/LlamaShears.Core.Abstractions.Tools.csproj" />
    <Project Path="src/LlamaShears.Core.Eventing/LlamaShears.Core.Eventing.csproj" />
    <Project Path="src/LlamaShears.Core.Eventing.Extensions/LlamaShears.Core.Eventing.Extensions.csproj" />
    <Project Path="src/LlamaShears.Core/LlamaShears.Core.csproj" />
    <Project Path="src/LlamaShears.Hosting/LlamaShears.Hosting.csproj" />
    <Project Path="src/LlamaShears.Provider.Ollama/LlamaShears.Provider.Ollama.csproj" />
  </Folder>
  <Folder Name="/tooling/">
    <Project Path="tooling/LlamaShears.DocsBuild/LlamaShears.DocsBuild.csproj" />
  </Folder>
  <Folder Name="/tests/">
    <Project Path="tests/LlamaShears.IntegrationTests/LlamaShears.IntegrationTests.csproj" />
    <Project Path="tests/LlamaShears.UnitTests/LlamaShears.UnitTests.csproj" />
  </Folder>
</Solution>
