<Solution>
  <Folder Name="/src/">
    <Project Path="src/LlamaShears.Agent.Abstractions/LlamaShears.Agent.Abstractions.csproj" />
    <Project Path="src/LlamaShears.Agent.Core/LlamaShears.Agent.Core.csproj" />
    <Project Path="src/LlamaShears.Api.Host/LlamaShears.Api.Host.csproj" />
    <Project Path="src/LlamaShears.Api/LlamaShears.Api.csproj" />
    <Project Path="src/LlamaShears.Data/LlamaShears.Data.csproj" />
    <Project Path="src/LlamaShears.Provider.Abstractions/LlamaShears.Provider.Abstractions.csproj" />
    <Project Path="src/LlamaShears.Provider.Ollama/LlamaShears.Provider.Ollama.csproj" />
  </Folder>
  <Folder Name="/tests/">
    <Project Path="tests/LlamaShears.UnitTests/LlamaShears.UnitTests.csproj" />
  </Folder>
</Solution>
